
Microsoft Visual Studio Solution File, Format Version 12.00
# Visual Studio Version 17
VisualStudioVersion = 17.7.34302.85
MinimumVisualStudioVersion = 10.0.40219.1
Project("{FAE04EC0-301F-11D3-BF4B-00C04F79EFBC}") = "bookStoreWithCount", "bookStoreWithCount.csproj", "{191B1ADB-A92C-4F31-A22C-D3B6B1766A22}"
EndProject
Global
	GlobalSection(SolutionConfigurationPlatforms) = preSolution
		Debug|Any CPU = Debug|Any CPU
		Release|Any CPU = Release|Any CPU
	EndGlobalSection
	GlobalSection(ProjectConfigurationPlatforms) = postSolution
		{191B1ADB-A92C-4F31-A22C-D3B6B1766A22}.Debug|Any CPU.ActiveCfg = Debug|Any CPU
		{191B1ADB-A92C-4F31-A22C-D3B6B1766A22}.Debug|Any CPU.Build.0 = Debug|Any CPU
		{191B1ADB-A92C-4F31-A22C-D3B6B1766A22}.Release|Any CPU.ActiveCfg = Release|Any CPU
		{191B1ADB-A92C-4F31-A22C-D3B6B1766A22}.Release|Any CPU.Build.0 = Release|Any CPU
	EndGlobalSection
	GlobalSection(SolutionProperties) = preSolution
		HideSolutionNode = FALSE
	EndGlobalSection
	GlobalSection(ExtensibilityGlobals) = postSolution
		SolutionGuid = {F3799903-C428-4EE0-834B-0A3EBD8EE5E9}
	EndGlobalSection
EndGlobal
